PODS:
  - AFNetworking (3.1.0):
    - AFNetworking/NSURLSession (= 3.1.0)
    - AFNetworking/Reachability (= 3.1.0)
    - AFNetworking/Security (= 3.1.0)
    - AFNetworking/Serialization (= 3.1.0)
    - AFNetworking/UIKit (= 3.1.0)
  - AFNetworking/NSURLSession (3.1.0):
    - AFNetworking/Reachability
    - AFNetworking/Security
    - AFNetworking/Serialization
  - AFNetworking/Reachability (3.1.0)
  - AFNetworking/Security (3.1.0)
  - AFNetworking/Serialization (3.1.0)
  - AFNetworking/UIKit (3.1.0):
    - AFNetworking/NSURLSession
  - JSQSystemSoundPlayer (2.0.1)
  - MonkeyKit (1.0.5):
    - AFNetworking
    - UICKeyChainStore
  - MonkeyKitUI (7.4.0):
    - JSQSystemSoundPlayer (~> 2.0.1)
  - Realm (1.1.0):
    - Realm/Headers (= 1.1.0)
  - Realm/Headers (1.1.0)
  - RealmSwift (1.1.0):
    - Realm (= 1.1.0)
  - SDWebImage (3.8.1):
    - SDWebImage/Core (= 3.8.1)
  - SDWebImage/Core (3.8.1)
  - UICKeyChainStore (2.1.0)
  - Whisper (3.1.1)

DEPENDENCIES:
  - MonkeyKit (~> 1.0.5)
  - MonkeyKitUI
  - RealmSwift (~> 1.1.0)
  - SDWebImage
  - Whisper (from `https://github.com/hyperoslo/Whisper.git`, branch `swift-3`)

EXTERNAL SOURCES:
  Whisper:
    :branch: swift-3
    :git: https://github.com/hyperoslo/Whisper.git

CHECKOUT OPTIONS:
  Whisper:
    :commit: f1c976b2eb896971532f5b1da62f58843de2bc3f
    :git: https://github.com/hyperoslo/Whisper.git

SPEC CHECKSUMS:
  AFNetworking: 5e0e199f73d8626b11e79750991f5d173d1f8b67
  JSQSystemSoundPlayer: c5850e77a4363ffd374cd851154b9af93264ed8d
  MonkeyKit: 8e5b7678c330d12dbd1512bfc221dc6d86f5a9b7
  MonkeyKitUI: dd2042fbde1256efa413b3543de85c803d7718ac
  Realm: ceecf1a4540c4ce9efe196fe73fa9855bce05bd8
  RealmSwift: 838058b2db95b12cb86bd0cf209df642c33fb60a
  SDWebImage: 35f9627a3e44b4f292a8a8ce6a531fa488239b91
  UICKeyChainStore: f1cbd42216a113f0165de1e733e62905b8823432
  Whisper: 74decae53daf8caff5acf8628e24b92d3f05a453

PODFILE CHECKSUM: 63a8413cc1a92d2c503cc4f8a0ecc40a56beb1ee

COCOAPODS: 1.1.0.rc.3
